// !$*UTF8*$!
{
	archiveVersion = 1;
	classes = {
	};
	objectVersion = 77;
	objects = {

/* Begin PBXBuildFile section */
		7E305D792F664FB000319CAC /* BiteLedgerCore in Frameworks */ = {isa = PBXBuildFile; productRef = 7E305D782F664FB000319CAC /* BiteLedgerCore */; };
		7E305E0F2F66558B00319CAC /* BiteLedgerCore in Frameworks */ = {isa = PBXBuildFile; productRef = 7E305E0E2F66558B00319CAC /* BiteLedgerCore */; };
		7EC16B642F68FC84009D7905 /* .gitignore in Resources */ = {isa = PBXBuildFile; fileRef = 7EC16B632F68FC75009D7905 /* .gitignore */; };
		7EC16B732F69A805009D7905 /* BitePlanShare.appex in Embed Foundation Extensions */ = {isa = PBXBuildFile; fileRef = 7EC16B692F69A805009D7905 /* BitePlanShare.appex */; settings = {ATTRIBUTES = (RemoveHeadersOnCopy, ); }; };
/* End PBXBuildFile section */

/* Begin PBXContainerItemProxy section */
		7E305D5B2F664F9000319CAC /* PBXContainerItemProxy */ = {
			isa = PBXContainerItemProxy;
			containerPortal = 7E305D432F664F8F00319CAC /* Project object */;
			proxyType = 1;
			remoteGlobalIDString = 7E305D4A2F664F8F00319CAC;
			remoteInfo = BitePlan;
		};
		7E305D652F664F9000319CAC /* PBXContainerItemProxy */ = {
			isa = PBXContainerItemProxy;
			containerPortal = 7E305D432F664F8F00319CAC /* Project object */;
			proxyType = 1;
			remoteGlobalIDString = 7E305D4A2F664F8F00319CAC;
			remoteInfo = BitePlan;
		};
		7EC16B712F69A805009D7905 /* PBXContainerItemProxy */ = {
			isa = PBXContainerItemProxy;
			containerPortal = 7E305D432F664F8F00319CAC /* Project object */;
			proxyType = 1;
			remoteGlobalIDString = 7EC16B682F69A805009D7905;
			remoteInfo = BitePlanShare;
		};
/* End PBXContainerItemProxy section */

/* Begin PBXCopyFilesBuildPhase section */
		7EC16B782F69A805009D7905 /* Embed Foundation Extensions */ = {
			isa = PBXCopyFilesBuildPhase;
			buildActionMask = 2147483647;
			dstPath = "";
			dstSubfolderSpec = 13;
			files = (
				7EC16B732F69A805009D7905 /* BitePlanShare.appex in Embed Foundation Extensions */,
			);
			name = "Embed Foundation Extensions";
			runOnlyForDeploymentPostprocessing = 0;
		};
/* End PBXCopyFilesBuildPhase section */

/* Begin PBXFileReference section */
		7E305D4B2F664F8F00319CAC /* BitePlan.app */ = {isa = PBXFileReference; explicitFileType = wrapper.application; includeInIndex = 0; path = BitePlan.app; sourceTree = BUILT_PRODUCTS_DIR; };
		7E305D5A2F664F9000319CAC /* BitePlanTests.xctest */ = {isa = PBXFileReference; explicitFileType = wrapper.cfbundle; includeInIndex = 0; path = BitePlanTests.xctest; sourceTree = BUILT_PRODUCTS_DIR; };
		7E305D642F664F9000319CAC /* BitePlanUITests.xctest */ = {isa = PBXFileReference; explicitFileType = wrapper.cfbundle; includeInIndex = 0; path = BitePlanUITests.xctest; sourceTree = BUILT_PRODUCTS_DIR; };
		7EC16B632F68FC75009D7905 /* .gitignore */ = {isa = PBXFileReference; lastKnownFileType = text; path = .gitignore; sourceTree = "<group>"; };
		7EC16B692F69A805009D7905 /* BitePlanShare.appex */ = {isa = PBXFileReference; explicitFileType = "wrapper.app-extension"; includeInIndex = 0; path = BitePlanShare.appex; sourceTree = BUILT_PRODUCTS_DIR; };
/* End PBXFileReference section */

/* Begin PBXFileSystemSynchronizedBuildFileExceptionSet section */
		7EC16B7F2F69A9C2009D7905 /* Exceptions for "BitePlan" folder in "BitePlan" target */ = {
			isa = PBXFileSystemSynchronizedBuildFileExceptionSet;
			membershipExceptions = (
				Info.plist,
			);
			target = 7E305D4A2F664F8F00319CAC /* BitePlan */;
		};
		7EC16B802F69AA1A009D7905 /* Exceptions for "BitePlanShare" folder in "BitePlanShare" target */ = {
			isa = PBXFileSystemSynchronizedBuildFileExceptionSet;
			membershipExceptions = (
				Info.plist,
			);
			target = 7EC16B682F69A805009D7905 /* BitePlanShare */;
		};
/* End PBXFileSystemSynchronizedBuildFileExceptionSet section */

/* Begin PBXFileSystemSynchronizedRootGroup section */
		7E305D4D2F664F8F00319CAC /* BitePlan */ = {
			isa = PBXFileSystemSynchronizedRootGroup;
			exceptions = (
				7EC16B7F2F69A9C2009D7905 /* Exceptions for "BitePlan" folder in "BitePlan" target */,
			);
			path = BitePlan;
			sourceTree = "<group>";
		};
		7E305D5D2F664F9000319CAC /* BitePlanTests */ = {
			isa = PBXFileSystemSynchronizedRootGroup;
			path = BitePlanTests;
			sourceTree = "<group>";
		};
		7E305D672F664F9000319CAC /* BitePlanUITests */ = {
			isa = PBXFileSystemSynchronizedRootGroup;
			path = BitePlanUITests;
			sourceTree = "<group>";
		};
		7EC16B6A2F69A805009D7905 /* BitePlanShare */ = {
			isa = PBXFileSystemSynchronizedRootGroup;
			exceptions = (
				7EC16B802F69AA1A009D7905 /* Exceptions for "BitePlanShare" folder in "BitePlanShare" target */,
			);
			path = BitePlanShare;
			sourceTree = "<group>";
		};
/* End PBXFileSystemSynchronizedRootGroup section */

/* Begin PBXFrameworksBuildPhase section */
		7E305D482F664F8F00319CAC /* Frameworks */ = {
			isa = PBXFrameworksBuildPhase;
			buildActionMask = 2147483647;
			files = (
				7E305E0F2F66558B00319CAC /* BiteLedgerCore in Frameworks */,
				7E305D792F664FB000319CAC /* BiteLedgerCore in Frameworks */,
			);
			runOnlyForDeploymentPostprocessing = 0;
		};
		7E305D572F664F9000319CAC /* Frameworks */ = {
			isa = PBXFrameworksBuildPhase;
			buildActionMask = 2147483647;
			files = (
			);
			runOnlyForDeploymentPostprocessing = 0;
		};
		7E305D612F664F9000319CAC /* Frameworks */ = {
			isa = PBXFrameworksBuildPhase;
			buildActionMask = 2147483647;
			files = (
			);
			runOnlyForDeploymentPostprocessing = 0;
		};
		7EC16B662F69A805009D7905 /* Frameworks */ = {
			isa = PBXFrameworksBuildPhase;
			buildActionMask = 2147483647;
			files = (
			);
			runOnlyForDeploymentPostprocessing = 0;
		};
/* End PBXFrameworksBuildPhase section */

/* Begin PBXGroup section */
		7E305D422F664F8F00319CAC = {
			isa = PBXGroup;
			children = (
				7EC16B632F68FC75009D7905 /* .gitignore */,
				7E305D4D2F664F8F00319CAC /* BitePlan */,
				7E305D5D2F664F9000319CAC /* BitePlanTests */,
				7E305D672F664F9000319CAC /* BitePlanUITests */,
				7EC16B6A2F69A805009D7905 /* BitePlanShare */,
				7E305D4C2F664F8F00319CAC /* Products */,
			);
			sourceTree = "<group>";
		};
		7E305D4C2F664F8F00319CAC /* Products */ = {
			isa = PBXGroup;
			children = (
				7E305D4B2F664F8F00319CAC /* BitePlan.app */,
				7E305D5A2F664F9000319CAC /* BitePlanTests.xctest */,
				7E305D642F664F9000319CAC /* BitePlanUITests.xctest */,
				7EC16B692F69A805009D7905 /* BitePlanShare.appex */,
			);
			name = Products;
			sourceTree = "<group>";
		};
/* End PBXGroup section */

/* Begin PBXNativeTarget section */
		7E305D4A2F664F8F00319CAC /* BitePlan */ = {
			isa = PBXNativeTarget;
			buildConfigurationList = 7E305D6E2F664F9000319CAC /* Build configuration list for PBXNativeTarget "BitePlan" */;
			buildPhases = (
				7E305D472F664F8F00319CAC /* Sources */,
				7E305D482F664F8F00319CAC /* Frameworks */,
				7E305D492F664F8F00319CAC /* Resources */,
				7EC16B782F69A805009D7905 /* Embed Foundation Extensions */,
			);
			buildRules = (
			);
			dependencies = (
				7EC16B722F69A805009D7905 /* PBXTargetDependency */,
			);
			fileSystemSynchronizedGroups = (
				7E305D4D2F664F8F00319CAC /* BitePlan */,
			);
			name = BitePlan;
			packageProductDependencies = (
				7E305D782F664FB000319CAC /* BiteLedgerCore */,
				7E305E0E2F66558B00319CAC /* BiteLedgerCore */,
			);
			productName = BitePlan;
			productReference = 7E305D4B2F664F8F00319CAC /* BitePlan.app */;
			productType = "com.apple.product-type.application";
		};
		7E305D592F664F9000319CAC /* BitePlanTests */ = {
			isa = PBXNativeTarget;
			buildConfigurationList = 7E305D712F664F9000319CAC /* Build configuration list for PBXNativeTarget "BitePlanTests" */;
			buildPhases = (
				7E305D562F664F9000319CAC /* Sources */,
				7E305D572F664F9000319CAC /* Frameworks */,
				7E305D582F664F9000319CAC /* Resources */,
			);
			buildRules = (
			);
			dependencies = (
				7E305D5C2F664F9000319CAC /* PBXTargetDependency */,
			);
			fileSystemSynchronizedGroups = (
				7E305D5D2F664F9000319CAC /* BitePlanTests */,
			);
			name = BitePlanTests;
			packageProductDependencies = (
			);
			productName = BitePlanTests;
			productReference = 7E305D5A2F664F9000319CAC /* BitePlanTests.xctest */;
			productType = "com.apple.product-type.bundle.unit-test";
		};
		7E305D632F664F9000319CAC /* BitePlanUITests */ = {
			isa = PBXNativeTarget;
			buildConfigurationList = 7E305D742F664F9000319CAC /* Build configuration list for PBXNativeTarget "BitePlanUITests" */;
			buildPhases = (
				7E305D602F664F9000319CAC /* Sources */,
				7E305D612F664F9000319CAC /* Frameworks */,
				7E305D622F664F9000319CAC /* Resources */,
			);
			buildRules = (
			);
			dependencies = (
				7E305D662F664F9000319CAC /* PBXTargetDependency */,
			);
			fileSystemSynchronizedGroups = (
				7E305D672F664F9000319CAC /* BitePlanUITests */,
			);
			name = BitePlanUITests;
			packageProductDependencies = (
			);
			productName = BitePlanUITests;
			productReference = 7E305D642F664F9000319CAC /* BitePlanUITests.xctest */;
			productType = "com.apple.product-type.bundle.ui-testing";
		};
		7EC16B682F69A805009D7905 /* BitePlanShare */ = {
			isa = PBXNativeTarget;
			buildConfigurationList = 7EC16B752F69A805009D7905 /* Build configuration list for PBXNativeTarget "BitePlanShare" */;
			buildPhases = (
				7EC16B652F69A805009D7905 /* Sources */,
				7EC16B662F69A805009D7905 /* Frameworks */,
				7EC16B672F69A805009D7905 /* Resources */,
			);
			buildRules = (
			);
			dependencies = (
			);
			fileSystemSynchronizedGroups = (
				7EC16B6A2F69A805009D7905 /* BitePlanShare */,
			);
			name = BitePlanShare;
			packageProductDependencies = (
			);
			productName = BitePlanShare;
			productReference = 7EC16B692F69A805009D7905 /* BitePlanShare.appex */;
			productType = "com.apple.product-type.app-extension";
		};
/* End PBXNativeTarget section */

/* Begin PBXProject section */
		7E305D432F664F8F00319CAC /* Project object */ = {
			isa = PBXProject;
			attributes = {
				BuildIndependentTargetsInParallel = 1;
				LastSwiftUpdateCheck = 2630;
				LastUpgradeCheck = 2630;
				TargetAttributes = {
					7E305D4A2F664F8F00319CAC = {
						CreatedOnToolsVersion = 26.3;
					};
					7E305D592F664F9000319CAC = {
						CreatedOnToolsVersion = 26.3;
						TestTargetID = 7E305D4A2F664F8F00319CAC;
					};
					7E305D632F664F9000319CAC = {
						CreatedOnToolsVersion = 26.3;
						TestTargetID = 7E305D4A2F664F8F00319CAC;
					};
					7EC16B682F69A805009D7905 = {
						CreatedOnToolsVersion = 26.3;
					};
				};
			};
			buildConfigurationList = 7E305D462F664F8F00319CAC /* Build configuration list for PBXProject "BitePlan" */;
			developmentRegion = en;
			hasScannedForEncodings = 0;
			knownRegions = (
				en,
				Base,
			);
			mainGroup = 7E305D422F664F8F00319CAC;
			minimizedProjectReferenceProxies = 1;
			packageReferences = (
				7E305E0D2F66558B00319CAC /* XCLocalSwiftPackageReference "../BiteLedgerCore" */,
			);
			preferredProjectObjectVersion = 77;
			productRefGroup = 7E305D4C2F664F8F00319CAC /* Products */;
			projectDirPath = "";
			projectRoot = "";
			targets = (
				7E305D4A2F664F8F00319CAC /* BitePlan */,
				7E305D592F664F9000319CAC /* BitePlanTests */,
				7E305D632F664F9000319CAC /* BitePlanUITests */,
				7EC16B682F69A805009D7905 /* BitePlanShare */,
			);
		};
/* End PBXProject section */

/* Begin PBXResourcesBuildPhase section */
		7E305D492F664F8F00319CAC /* Resources */ = {
			isa = PBXResourcesBuildPhase;
			buildActionMask = 2147483647;
			files = (
				7EC16B642F68FC84009D7905 /* .gitignore in Resources */,
			);
			runOnlyForDeploymentPostprocessing = 0;
		};
		7E305D582F664F9000319CAC /* Resources */ = {
			isa = PBXResourcesBuildPhase;
			buildActionMask = 2147483647;
			files = (
			);
			runOnlyForDeploymentPostprocessing = 0;
		};
		7E305D622F664F9000319CAC /* Resources */ = {
			isa = PBXResourcesBuildPhase;
			buildActionMask = 2147483647;
			files = (
			);
			runOnlyForDeploymentPostprocessing = 0;
		};
		7EC16B672F69A805009D7905 /* Resources */ = {
			isa = PBXResourcesBuildPhase;
			buildActionMask = 2147483647;
			files = (
			);
			runOnlyForDeploymentPostprocessing = 0;
		};
/* End PBXResourcesBuildPhase section */

/* Begin PBXSourcesBuildPhase section */
		7E305D472F664F8F00319CAC /* Sources */ = {
			isa = PBXSourcesBuildPhase;
			buildActionMask = 2147483647;
			files = (
			);
			runOnlyForDeploymentPostprocessing = 0;
		};
		7E305D562F664F9000319CAC /* Sources */ = {
			isa = PBXSourcesBuildPhase;
			buildActionMask = 2147483647;
			files = (
			);
			runOnlyForDeploymentPostprocessing = 0;
		};
		7E305D602F664F9000319CAC /* Sources */ = {
			isa = PBXSourcesBuildPhase;
			buildActionMask = 2147483647;
			files = (
			);
			runOnlyForDeploymentPostprocessing = 0;
		};
		7EC16B652F69A805009D7905 /* Sources */ = {
			isa = PBXSourcesBuildPhase;
			buildActionMask = 2147483647;
			files = (
			);
			runOnlyForDeploymentPostprocessing = 0;
		};
/* End PBXSourcesBuildPhase section */

/* Begin PBXTargetDependency section */
		7E305D5C2F664F9000319CAC /* PBXTargetDependency */ = {
			isa = PBXTargetDependency;
			target = 7E305D4A2F664F8F00319CAC /* BitePlan */;
			targetProxy = 7E305D5B2F664F9000319CAC /* PBXContainerItemProxy */;
		};
		7E305D662F664F9000319CAC /* PBXTargetDependency */ = {
			isa = PBXTargetDependency;
			target = 7E305D4A2F664F8F00319CAC /* BitePlan */;
			targetProxy = 7E305D652F664F9000319CAC /* PBXContainerItemProxy */;
		};
		7EC16B722F69A805009D7905 /* PBXTargetDependency */ = {
			isa = PBXTargetDependency;
			target = 7EC16B682F69A805009D7905 /* BitePlanShare */;
			targetProxy = 7EC16B712F69A805009D7905 /* PBXContainerItemProxy */;
		};
/* End PBXTargetDependency section */

/* Begin XCBuildConfiguration section */
		7E305D6C2F664F9000319CAC /* Debug */ = {
			isa = XCBuildConfiguration;
			buildSettings = {
				ALWAYS_SEARCH_USER_PATHS = NO;
				ASSETCATALOG_COMPILER_GENERATE_SWIFT_ASSET_SYMBOL_EXTENSIONS = YES;
				CLANG_ANALYZER_NONNULL = YES;
				CLANG_ANALYZER_NUMBER_OBJECT_CONVERSION = YES_AGGRESSIVE;
				CLANG_CXX_LANGUAGE_STANDARD = "gnu++20";
				CLANG_ENABLE_MODULES = YES;
				CLANG_ENABLE_OBJC_ARC = YES;
				CLANG_ENABLE_OBJC_WEAK = YES;
				CLANG_WARN_BLOCK_CAPTURE_AUTORELEASING = YES;
				CLANG_WARN_BOOL_CONVERSION = YES;
				CLANG_WARN_COMMA = YES;
				CLANG_WARN_CONSTANT_CONVERSION = YES;
				CLANG_WARN_DEPRECATED_OBJC_IMPLEMENTATIONS = YES;
				CLANG_WARN_DIRECT_OBJC_ISA_USAGE = YES_ERROR;
				CLANG_WARN_DOCUMENTATION_COMMENTS = YES;
				CLANG_WARN_EMPTY_BODY = YES;
				CLANG_WARN_ENUM_CONVERSION = YES;
				CLANG_WARN_INFINITE_RECURSION = YES;
				CLANG_WARN_INT_CONVERSION = YES;
				CLANG_WARN_NON_LITERAL_NULL_CONVERSION = YES;
				CLANG_WARN_OBJC_IMPLICIT_RETAIN_SELF = YES;
				CLANG_WARN_OBJC_LITERAL_CONVERSION = YES;
				CLANG_WARN_OBJC_ROOT_CLASS = YES_ERROR;
				CLANG_WARN_QUOTED_INCLUDE_IN_FRAMEWORK_HEADER = YES;
				CLANG_WARN_RANGE_LOOP_ANALYSIS = YES;
				CLANG_WARN_STRICT_PROTOTYPES = YES;
				CLANG_WARN_SUSPICIOUS_MOVE = YES;
				CLANG_WARN_UNGUARDED_AVAILABILITY = YES_AGGRESSIVE;
				CLANG_WARN_UNREACHABLE_CODE = YES;
				CLANG_WARN__DUPLICATE_METHOD_MATCH = YES;
				COPY_PHASE_STRIP = NO;
				DEBUG_INFORMATION_FORMAT = dwarf;
				DEVELOPMENT_TEAM = DT58WA8N32;
				ENABLE_STRICT_OBJC_MSGSEND = YES;
				ENABLE_TESTABILITY = YES;
				ENABLE_USER_SCRIPT_SANDBOXING = YES;
				GCC_C_LANGUAGE_STANDARD = gnu17;
				GCC_DYNAMIC_NO_PIC = NO;
				GCC_NO_COMMON_BLOCKS = YES;
				GCC_OPTIMIZATION_LEVEL = 0;
				GCC_PREPROCESSOR_DEFINITIONS = (
					"DEBUG=1",
					"$(inherited)",
				);
				GCC_WARN_64_TO_32_BIT_CONVERSION = YES;
				GCC_WARN_ABOUT_RETURN_TYPE = YES_ERROR;
				GCC_WARN_UNDECLARED_SELECTOR = YES;
				GCC_WARN_UNINITIALIZED_AUTOS = YES_AGGRESSIVE;
				GCC_WARN_UNUSED_FUNCTION = YES;
				GCC_WARN_UNUSED_VARIABLE = YES;
				IPHONEOS_DEPLOYMENT_TARGET = 26.2;
				LOCALIZATION_PREFERS_STRING_CATALOGS = YES;
				MTL_ENABLE_DEBUG_INFO = INCLUDE_SOURCE;
				MTL_FAST_MATH = YES;
				ONLY_ACTIVE_ARCH = YES;
				SDKROOT = iphoneos;
				SWIFT_ACTIVE_COMPILATION_CONDITIONS = "DEBUG $(inherited)";
				SWIFT_OPTIMIZATION_LEVEL = "-Onone";
			};
			name = Debug;
		};
		7E305D6D2F664F9000319CAC /* Release */ = {
			isa = XCBuildConfiguration;
			buildSettings = {
				ALWAYS_SEARCH_USER_PATHS = NO;
				ASSETCATALOG_COMPILER_GENERATE_SWIFT_ASSET_SYMBOL_EXTENSIONS = YES;
				CLANG_ANALYZER_NONNULL = YES;
				CLANG_ANALYZER_NUMBER_OBJECT_CONVERSION = YES_AGGRESSIVE;
				CLANG_CXX_LANGUAGE_STANDARD = "gnu++20";
				CLANG_ENABLE_MODULES = YES;
				CLANG_ENABLE_OBJC_ARC = YES;
				CLANG_ENABLE_OBJC_WEAK = YES;
				CLANG_WARN_BLOCK_CAPTURE_AUTORELEASING = YES;
				CLANG_WARN_BOOL_CONVERSION = YES;
				CLANG_WARN_COMMA = YES;
				CLANG_WARN_CONSTANT_CONVERSION = YES;
				CLANG_WARN_DEPRECATED_OBJC_IMPLEMENTATIONS = YES;
				CLANG_WARN_DIRECT_OBJC_ISA_USAGE = YES_ERROR;
				CLANG_WARN_DOCUMENTATION_COMMENTS = YES;
				CLANG_WARN_EMPTY_BODY = YES;
				CLANG_WARN_ENUM_CONVERSION = YES;
				CLANG_WARN_INFINITE_RECURSION = YES;
				CLANG_WARN_INT_CONVERSION = YES;
				CLANG_WARN_NON_LITERAL_NULL_CONVERSION = YES;
				CLANG_WARN_OBJC_IMPLICIT_RETAIN_SELF = YES;
				CLANG_WARN_OBJC_LITERAL_CONVERSION = YES;
				CLANG_WARN_OBJC_ROOT_CLASS = YES_ERROR;
				CLANG_WARN_QUOTED_INCLUDE_IN_FRAMEWORK_HEADER = YES;
				CLANG_WARN_RANGE_LOOP_ANALYSIS = YES;
				CLANG_WARN_STRICT_PROTOTYPES = YES;
				CLANG_WARN_SUSPICIOUS_MOVE = YES;
				CLANG_WARN_UNGUARDED_AVAILABILITY = YES_AGGRESSIVE;
				CLANG_WARN_UNREACHABLE_CODE = YES;
				CLANG_WARN__DUPLICATE_METHOD_MATCH = YES;
				COPY_PHASE_STRIP = NO;
				DEBUG_INFORMATION_FORMAT = "dwarf-with-dsym";
				DEVELOPMENT_TEAM = DT58WA8N32;
				ENABLE_NS_ASSERTIONS = NO;
				ENABLE_STRICT_OBJC_MSGSEND = YES;
				ENABLE_USER_SCRIPT_SANDBOXING = YES;
				GCC_C_LANGUAGE_STANDARD = gnu17;
				GCC_NO_COMMON_BLOCKS = YES;
				GCC_WARN_64_TO_32_BIT_CONVERSION = YES;
				GCC_WARN_ABOUT_RETURN_TYPE = YES_ERROR;
				GCC_WARN_UNDECLARED_SELECTOR = YES;
				GCC_WARN_UNINITIALIZED_AUTOS = YES_AGGRESSIVE;
				GCC_WARN_UNUSED_FUNCTION = YES;
				GCC_WARN_UNUSED_VARIABLE = YES;
				IPHONEOS_DEPLOYMENT_TARGET = 26.2;
				LOCALIZATION_PREFERS_STRING_CATALOGS = YES;
				MTL_ENABLE_DEBUG_INFO = NO;
				MTL_FAST_MATH = YES;
				SDKROOT = iphoneos;
				SWIFT_COMPILATION_MODE = wholemodule;
				VALIDATE_PRODUCT = YES;
			};
			name = Release;
		};
		7E305D6F2F664F9000319CAC /* Debug */ = {
			isa = XCBuildConfiguration;
			buildSettings = {
				ASSETCATALOG_COMPILER_APPICON_NAME = AppIcon;
				ASSETCATALOG_COMPILER_GLOBAL_ACCENT_COLOR_NAME = AccentColor;
				CODE_SIGN_ENTITLEMENTS = BitePlan/BitePlan.entitlements;
				CODE_SIGN_STYLE = Automatic;
				CURRENT_PROJECT_VERSION = 1;
				DEVELOPMENT_TEAM = DT58WA8N32;
				ENABLE_PREVIEWS = YES;
				GENERATE_INFOPLIST_FILE = YES;
				INFOPLIST_FILE = BitePlan/Info.plist;
				INFOPLIST_KEY_CFBundleDisplayName = BitePlan;
				INFOPLIST_KEY_UIApplicationSceneManifest_Generation = YES;
				INFOPLIST_KEY_UIApplicationSupportsIndirectInputEvents = YES;
				INFOPLIST_KEY_UILaunchScreen_Generation = YES;
				INFOPLIST_KEY_UISupportedInterfaceOrientations_iPad = "UIInterfaceOrientationPortrait UIInterfaceOrientationPortraitUpsideDown UIInterfaceOrientationLandscapeLeft UIInterfaceOrientationLandscapeRight";
				INFOPLIST_KEY_UISupportedInterfaceOrientations_iPhone = "UIInterfaceOrientationPortrait UIInterfaceOrientationLandscapeLeft UIInterfaceOrientationLandscapeRight";
				LD_RUNPATH_SEARCH_PATHS = (
					"$(inherited)",
					"@executable_path/Frameworks",
				);
				MARKETING_VERSION = 1.0;
				PRODUCT_BUNDLE_IDENTIFIER = com.ridepro.BitePlan;
				PRODUCT_NAME = "$(TARGET_NAME)";
				STRING_CATALOG_GENERATE_SYMBOLS = YES;
				SWIFT_APPROACHABLE_CONCURRENCY = YES;
				SWIFT_DEFAULT_ACTOR_ISOLATION = MainActor;
				SWIFT_EMIT_LOC_STRINGS = YES;
				SWIFT_UPCOMING_FEATURE_MEMBER_IMPORT_VISIBILITY = YES;
				SWIFT_VERSION = 5.0;
				TARGETED_DEVICE_FAMILY = "1,2";
			};
			name = Debug;
		};
		7E305D702F664F9000319CAC /* Release */ = {
			isa = XCBuildConfiguration;
			buildSettings = {
				ASSETCATALOG_COMPILER_APPICON_NAME = AppIcon;
				ASSETCATALOG_COMPILER_GLOBAL_ACCENT_COLOR_NAME = AccentColor;
				CODE_SIGN_ENTITLEMENTS = BitePlan/BitePlan.entitlements;
				CODE_SIGN_STYLE = Automatic;
				CURRENT_PROJECT_VERSION = 1;
				DEVELOPMENT_TEAM = DT58WA8N32;
				ENABLE_PREVIEWS = YES;
				GENERATE_INFOPLIST_FILE = YES;
				INFOPLIST_FILE = BitePlan/Info.plist;
				INFOPLIST_KEY_CFBundleDisplayName = BitePlan;
				INFOPLIST_KEY_UIApplicationSceneManifest_Generation = YES;
				INFOPLIST_KEY_UIApplicationSupportsIndirectInputEvents = YES;
				INFOPLIST_KEY_UILaunchScreen_Generation = YES;
				INFOPLIST_KEY_UISupportedInterfaceOrientations_iPad = "UIInterfaceOrientationPortrait UIInterfaceOrientationPortraitUpsideDown UIInterfaceOrientationLandscapeLeft UIInterfaceOrientationLandscapeRight";
				INFOPLIST_KEY_UISupportedInterfaceOrientations_iPhone = "UIInterfaceOrientationPortrait UIInterfaceOrientationLandscapeLeft UIInterfaceOrientationLandscapeRight";
				LD_RUNPATH_SEARCH_PATHS = (
					"$(inherited)",
					"@executable_path/Frameworks",
				);
				MARKETING_VERSION = 1.0;
				PRODUCT_BUNDLE_IDENTIFIER = com.ridepro.BitePlan;
				PRODUCT_NAME = "$(TARGET_NAME)";
				STRING_CATALOG_GENERATE_SYMBOLS = YES;
				SWIFT_APPROACHABLE_CONCURRENCY = YES;
				SWIFT_DEFAULT_ACTOR_ISOLATION = MainActor;
				SWIFT_EMIT_LOC_STRINGS = YES;
				SWIFT_UPCOMING_FEATURE_MEMBER_IMPORT_VISIBILITY = YES;
				SWIFT_VERSION = 5.0;
				TARGETED_DEVICE_FAMILY = "1,2";
			};
			name = Release;
		};
		7E305D722F664F9000319CAC /* Debug */ = {
			isa = XCBuildConfiguration;
			buildSettings = {
				BUNDLE_LOADER = "$(TEST_HOST)";
				CODE_SIGN_STYLE = Automatic;
				CURRENT_PROJECT_VERSION = 1;
				DEVELOPMENT_TEAM = DT58WA8N32;
				GENERATE_INFOPLIST_FILE = YES;
				IPHONEOS_DEPLOYMENT_TARGET = 26.2;
				MARKETING_VERSION = 1.0;
				PRODUCT_BUNDLE_IDENTIFIER = com.ridepro.BitePlanTests;
				PRODUCT_NAME = "$(TARGET_NAME)";
				STRING_CATALOG_GENERATE_SYMBOLS = NO;
				SWIFT_APPROACHABLE_CONCURRENCY = YES;
				SWIFT_EMIT_LOC_STRINGS = NO;
				SWIFT_UPCOMING_FEATURE_MEMBER_IMPORT_VISIBILITY = YES;
				SWIFT_VERSION = 5.0;
				TARGETED_DEVICE_FAMILY = "1,2";
				TEST_HOST = "$(BUILT_PRODUCTS_DIR)/BitePlan.app/$(BUNDLE_EXECUTABLE_FOLDER_PATH)/BitePlan";
			};
			name = Debug;
		};
		7E305D732F664F9000319CAC /* Release */ = {
			isa = XCBuildConfiguration;
			buildSettings = {
				BUNDLE_LOADER = "$(TEST_HOST)";
				CODE_SIGN_STYLE = Automatic;
				CURRENT_PROJECT_VERSION = 1;
				DEVELOPMENT_TEAM = DT58WA8N32;
				GENERATE_INFOPLIST_FILE = YES;
				IPHONEOS_DEPLOYMENT_TARGET = 26.2;
				MARKETING_VERSION = 1.0;
				PRODUCT_BUNDLE_IDENTIFIER = com.ridepro.BitePlanTests;
				PRODUCT_NAME = "$(TARGET_NAME)";
				STRING_CATALOG_GENERATE_SYMBOLS = NO;
				SWIFT_APPROACHABLE_CONCURRENCY = YES;
				SWIFT_EMIT_LOC_STRINGS = NO;
				SWIFT_UPCOMING_FEATURE_MEMBER_IMPORT_VISIBILITY = YES;
				SWIFT_VERSION = 5.0;
				TARGETED_DEVICE_FAMILY = "1,2";
				TEST_HOST = "$(BUILT_PRODUCTS_DIR)/BitePlan.app/$(BUNDLE_EXECUTABLE_FOLDER_PATH)/BitePlan";
			};
			name = Release;
		};
		7E305D752F664F9000319CAC /* Debug */ = {
			isa = XCBuildConfiguration;
			buildSettings = {
				CODE_SIGN_STYLE = Automatic;
				CURRENT_PROJECT_VERSION = 1;
				DEVELOPMENT_TEAM = DT58WA8N32;
				GENERATE_INFOPLIST_FILE = YES;
				MARKETING_VERSION = 1.0;
				PRODUCT_BUNDLE_IDENTIFIER = com.ridepro.BitePlanUITests;
				PRODUCT_NAME = "$(TARGET_NAME)";
				STRING_CATALOG_GENERATE_SYMBOLS = NO;
				SWIFT_APPROACHABLE_CONCURRENCY = YES;
				SWIFT_EMIT_LOC_STRINGS = NO;
				SWIFT_UPCOMING_FEATURE_MEMBER_IMPORT_VISIBILITY = YES;
				SWIFT_VERSION = 5.0;
				TARGETED_DEVICE_FAMILY = "1,2";
				TEST_TARGET_NAME = BitePlan;
			};
			name = Debug;
		};
		7E305D762F664F9000319CAC /* Release */ = {
			isa = XCBuildConfiguration;
			buildSettings = {
				CODE_SIGN_STYLE = Automatic;
				CURRENT_PROJECT_VERSION = 1;
				DEVELOPMENT_TEAM = DT58WA8N32;
				GENERATE_INFOPLIST_FILE = YES;
				MARKETING_VERSION = 1.0;
				PRODUCT_BUNDLE_IDENTIFIER = com.ridepro.BitePlanUITests;
				PRODUCT_NAME = "$(TARGET_NAME)";
				STRING_CATALOG_GENERATE_SYMBOLS = NO;
				SWIFT_APPROACHABLE_CONCURRENCY = YES;
				SWIFT_EMIT_LOC_STRINGS = NO;
				SWIFT_UPCOMING_FEATURE_MEMBER_IMPORT_VISIBILITY = YES;
				SWIFT_VERSION = 5.0;
				TARGETED_DEVICE_FAMILY = "1,2";
				TEST_TARGET_NAME = BitePlan;
			};
			name = Release;
		};
		7EC16B762F69A805009D7905 /* Debug */ = {
			isa = XCBuildConfiguration;
			buildSettings = {
				CODE_SIGN_ENTITLEMENTS = BitePlanShare/BitePlanShare.entitlements;
				CODE_SIGN_STYLE = Automatic;
				CURRENT_PROJECT_VERSION = 1;
				DEVELOPMENT_TEAM = DT58WA8N32;
				GENERATE_INFOPLIST_FILE = YES;
				INFOPLIST_FILE = BitePlanShare/Info.plist;
				INFOPLIST_KEY_CFBundleDisplayName = BitePlanShare;
				INFOPLIST_KEY_NSHumanReadableCopyright = "";
				LD_RUNPATH_SEARCH_PATHS = (
					"$(inherited)",
					"@executable_path/Frameworks",
					"@executable_path/../../Frameworks",
				);
				MARKETING_VERSION = 1.0;
				PRODUCT_BUNDLE_IDENTIFIER = com.ridepro.BitePlan.BitePlanShare;
				PRODUCT_NAME = "$(TARGET_NAME)";
				SKIP_INSTALL = YES;
				STRING_CATALOG_GENERATE_SYMBOLS = YES;
				SWIFT_APPROACHABLE_CONCURRENCY = YES;
				SWIFT_EMIT_LOC_STRINGS = YES;
				SWIFT_UPCOMING_FEATURE_MEMBER_IMPORT_VISIBILITY = YES;
				SWIFT_VERSION = 5.0;
				TARGETED_DEVICE_FAMILY = "1,2";
			};
			name = Debug;
		};
		7EC16B772F69A805009D7905 /* Release */ = {
			isa = XCBuildConfiguration;
			buildSettings = {
				CODE_SIGN_ENTITLEMENTS = BitePlanShare/BitePlanShare.entitlements;
				CODE_SIGN_STYLE = Automatic;
				CURRENT_PROJECT_VERSION = 1;
				DEVELOPMENT_TEAM = DT58WA8N32;
				GENERATE_INFOPLIST_FILE = YES;
				INFOPLIST_FILE = BitePlanShare/Info.plist;
				INFOPLIST_KEY_CFBundleDisplayName = BitePlanShare;
				INFOPLIST_KEY_NSHumanReadableCopyright = "";
				LD_RUNPATH_SEARCH_PATHS = (
					"$(inherited)",
					"@executable_path/Frameworks",
					"@executable_path/../../Frameworks",
				);
				MARKETING_VERSION = 1.0;
				PRODUCT_BUNDLE_IDENTIFIER = com.ridepro.BitePlan.BitePlanShare;
				PRODUCT_NAME = "$(TARGET_NAME)";
				SKIP_INSTALL = YES;
				STRING_CATALOG_GENERATE_SYMBOLS = YES;
				SWIFT_APPROACHABLE_CONCURRENCY = YES;
				SWIFT_EMIT_LOC_STRINGS = YES;
				SWIFT_UPCOMING_FEATURE_MEMBER_IMPORT_VISIBILITY = YES;
				SWIFT_VERSION = 5.0;
				TARGETED_DEVICE_FAMILY = "1,2";
			};
			name = Release;
		};
/* End XCBuildConfiguration section */

/* Begin XCConfigurationList section */
		7E305D462F664F8F00319CAC /* Build configuration list for PBXProject "BitePlan" */ = {
			isa = XCConfigurationList;
			buildConfigurations = (
				7E305D6C2F664F9000319CAC /* Debug */,
				7E305D6D2F664F9000319CAC /* Release */,
			);
			defaultConfigurationIsVisible = 0;
			defaultConfigurationName = Release;
		};
		7E305D6E2F664F9000319CAC /* Build configuration list for PBXNativeTarget "BitePlan" */ = {
			isa = XCConfigurationList;
			buildConfigurations = (
				7E305D6F2F664F9000319CAC /* Debug */,
				7E305D702F664F9000319CAC /* Release */,
			);
			defaultConfigurationIsVisible = 0;
			defaultConfigurationName = Release;
		};
		7E305D712F664F9000319CAC /* Build configuration list for PBXNativeTarget "BitePlanTests" */ = {
			isa = XCConfigurationList;
			buildConfigurations = (
				7E305D722F664F9000319CAC /* Debug */,
				7E305D732F664F9000319CAC /* Release */,
			);
			defaultConfigurationIsVisible = 0;
			defaultConfigurationName = Release;
		};
		7E305D742F664F9000319CAC /* Build configuration list for PBXNativeTarget "BitePlanUITests" */ = {
			isa = XCConfigurationList;
			buildConfigurations = (
				7E305D752F664F9000319CAC /* Debug */,
				7E305D762F664F9000319CAC /* Release */,
			);
			defaultConfigurationIsVisible = 0;
			defaultConfigurationName = Release;
		};
		7EC16B752F69A805009D7905 /* Build configuration list for PBXNativeTarget "BitePlanShare" */ = {
			isa = XCConfigurationList;
			buildConfigurations = (
				7EC16B762F69A805009D7905 /* Debug */,
				7EC16B772F69A805009D7905 /* Release */,
			);
			defaultConfigurationIsVisible = 0;
			defaultConfigurationName = Release;
		};
/* End XCConfigurationList section */

/* Begin XCLocalSwiftPackageReference section */
		7E305E0D2F66558B00319CAC /* XCLocalSwiftPackageReference "../BiteLedgerCore" */ = {
			isa = XCLocalSwiftPackageReference;
			relativePath = ../BiteLedgerCore;
		};
/* End XCLocalSwiftPackageReference section */

/* Begin XCSwiftPackageProductDependency section */
		7E305D782F664FB000319CAC /* BiteLedgerCore */ = {
			isa = XCSwiftPackageProductDependency;
			productName = BiteLedgerCore;
		};
		7E305E0E2F66558B00319CAC /* BiteLedgerCore */ = {
			isa = XCSwiftPackageProductDependency;
			productName = BiteLedgerCore;
		};
/* End XCSwiftPackageProductDependency section */
	};
	rootObject = 7E305D432F664F8F00319CAC /* Project object */;
}
